
Microsoft Visual Studio Solution File, Format Version 12.00
# Visual Studio 15
Project("{FAE04EC0-301F-11D3-BF4B-00C04F79EFBC}") = "UnityEngine.TestRunner", "UnityEngine.TestRunner.csproj", "{C6C61E08-1C22-CEEC-F3FF-1B7A785984BC}"
EndProject
Project("{FAE04EC0-301F-11D3-BF4B-00C04F79EFBC}") = "Unity.Postprocessing.Runtime", "Unity.Postprocessing.Runtime.csproj", "{204E9104-116D-94DA-40D9-765FDFC74A93}"
EndProject
Project("{FAE04EC0-301F-11D3-BF4B-00C04F79EFBC}") = "Unity.TextMeshPro", "Unity.TextMeshPro.csproj", "{E220F180-B5AD-1114-2CC8-1860CDEC2EDC}"
EndProject
Project("{FAE04EC0-301F-11D3-BF4B-00C04F79EFBC}") = "Unity.Timeline", "Unity.Timeline.csproj", "{F0ADEF56-6A5B-172F-0089-FE8F3319FFF2}"
EndProject
Project("{FAE04EC0-301F-11D3-BF4B-00C04F79EFBC}") = "Assembly-CSharp", "Assembly-CSharp.csproj", "{9023F618-46BD-D10F-CCC4-A870B40F6D24}"
EndProject
Project("{FAE04EC0-301F-11D3-BF4B-00C04F79EFBC}") = "Unity.TextMeshPro.Editor", "Unity.TextMeshPro.Editor.csproj", "{9902DE10-CB5E-9A83-94DA-C05AB95730E3}"
EndProject
Project("{FAE04EC0-301F-11D3-BF4B-00C04F79EFBC}") = "Unity.Timeline.Editor", "Unity.Timeline.Editor.csproj", "{FF62BA6F-C117-00E1-1032-5138CFAA5969}"
EndProject
Project("{FAE04EC0-301F-11D3-BF4B-00C04F79EFBC}") = "Unity.CollabProxy.Editor", "Unity.CollabProxy.Editor.csproj", "{6FCE00AD-1224-D8A8-EC21-3B1F47DB2914}"
EndProject
Project("{FAE04EC0-301F-11D3-BF4B-00C04F79EFBC}") = "UnityEditor.TestRunner", "UnityEditor.TestRunner.csproj", "{F61914A5-D60E-3185-5265-396E656301EB}"
EndProject
Project("{FAE04EC0-301F-11D3-BF4B-00C04F79EFBC}") = "Unity.Rider.Editor", "Unity.Rider.Editor.csproj", "{49ED4188-07E4-D444-252E-5842141F33A6}"
EndProject
Project("{FAE04EC0-301F-11D3-BF4B-00C04F79EFBC}") = "Unity.VisualStudio.Editor", "Unity.VisualStudio.Editor.csproj", "{B2C92D8F-F096-76EF-CA54-CE92E4A8CDEF}"
EndProject
Project("{FAE04EC0-301F-11D3-BF4B-00C04F79EFBC}") = "Unity.Postprocessing.Editor", "Unity.Postprocessing.Editor.csproj", "{8B55A4CA-F258-E3A0-F4C1-6B271DC114DF}"
EndProject
Project("{FAE04EC0-301F-11D3-BF4B-00C04F79EFBC}") = "Unity.VSCode.Editor", "Unity.VSCode.Editor.csproj", "{6A4879EF-6233-CDE0-FD3E-996F4167182F}"
EndProject
Global
	GlobalSection(SolutionConfigurationPlatforms) = preSolution
		Debug|Any CPU = Debug|Any CPU
		Release|Any CPU = Release|Any CPU
	EndGlobalSection
	GlobalSection(ProjectConfigurationPlatforms) = postSolution
		{C6C61E08-1C22-CEEC-F3FF-1B7A785984BC}.Debug|Any CPU.ActiveCfg = Debug|Any CPU
		{C6C61E08-1C22-CEEC-F3FF-1B7A785984BC}.Debug|Any CPU.Build.0 = Debug|Any CPU
		{C6C61E08-1C22-CEEC-F3FF-1B7A785984BC}.Release|Any CPU.ActiveCfg = Release|Any CPU
		{C6C61E08-1C22-CEEC-F3FF-1B7A785984BC}.Release|Any CPU.Build.0 = Release|Any CPU
		{204E9104-116D-94DA-40D9-765FDFC74A93}.Debug|Any CPU.ActiveCfg = Debug|Any CPU
		{204E9104-116D-94DA-40D9-765FDFC74A93}.Debug|Any CPU.Build.0 = Debug|Any CPU
		{204E9104-116D-94DA-40D9-765FDFC74A93}.Release|Any CPU.ActiveCfg = Release|Any CPU
		{204E9104-116D-94DA-40D9-765FDFC74A93}.Release|Any CPU.Build.0 = Release|Any CPU
		{E220F180-B5AD-1114-2CC8-1860CDEC2EDC}.Debug|Any CPU.ActiveCfg = Debug|Any CPU
		{E220F180-B5AD-1114-2CC8-1860CDEC2EDC}.Debug|Any CPU.Build.0 = Debug|Any CPU
		{E220F180-B5AD-1114-2CC8-1860CDEC2EDC}.Release|Any CPU.ActiveCfg = Release|Any CPU
		{E220F180-B5AD-1114-2CC8-1860CDEC2EDC}.Release|Any CPU.Build.0 = Release|Any CPU
		{F0ADEF56-6A5B-172F-0089-FE8F3319FFF2}.Debug|Any CPU.ActiveCfg = Debug|Any CPU
		{F0ADEF56-6A5B-172F-0089-FE8F3319FFF2}.Debug|Any CPU.Build.0 = Debug|Any CPU
		{F0ADEF56-6A5B-172F-0089-FE8F3319FFF2}.Release|Any CPU.ActiveCfg = Release|Any CPU
		{F0ADEF56-6A5B-172F-0089-FE8F3319FFF2}.Release|Any CPU.Build.0 = Release|Any CPU
		{9023F618-46BD-D10F-CCC4-A870B40F6D24}.Debug|Any CPU.ActiveCfg = Debug|Any CPU
		{9023F618-46BD-D10F-CCC4-A870B40F6D24}.Debug|Any CPU.Build.0 = Debug|Any CPU
		{9023F618-46BD-D10F-CCC4-A870B40F6D24}.Release|Any CPU.ActiveCfg = Release|Any CPU
		{9023F618-46BD-D10F-CCC4-A870B40F6D24}.Release|Any CPU.Build.0 = Release|Any CPU
		{9902DE10-CB5E-9A83-94DA-C05AB95730E3}.Debug|Any CPU.ActiveCfg = Debug|Any CPU
		{9902DE10-CB5E-9A83-94DA-C05AB95730E3}.Debug|Any CPU.Build.0 = Debug|Any CPU
		{9902DE10-CB5E-9A83-94DA-C05AB95730E3}.Release|Any CPU.ActiveCfg = Release|Any CPU
		{9902DE10-CB5E-9A83-94DA-C05AB95730E3}.Release|Any CPU.Build.0 = Release|Any CPU
		{FF62BA6F-C117-00E1-1032-5138CFAA5969}.Debug|Any CPU.ActiveCfg = Debug|Any CPU
		{FF62BA6F-C117-00E1-1032-5138CFAA5969}.Debug|Any CPU.Build.0 = Debug|Any CPU
		{FF62BA6F-C117-00E1-1032-5138CFAA5969}.Release|Any CPU.ActiveCfg = Release|Any CPU
		{FF62BA6F-C117-00E1-1032-5138CFAA5969}.Release|Any CPU.Build.0 = Release|Any CPU
		{6FCE00AD-1224-D8A8-EC21-3B1F47DB2914}.Debug|Any CPU.ActiveCfg = Debug|Any CPU
		{6FCE00AD-1224-D8A8-EC21-3B1F47DB2914}.Debug|Any CPU.Build.0 = Debug|Any CPU
		{6FCE00AD-1224-D8A8-EC21-3B1F47DB2914}.Release|Any CPU.ActiveCfg = Release|Any CPU
		{6FCE00AD-1224-D8A8-EC21-3B1F47DB2914}.Release|Any CPU.Build.0 = Release|Any CPU
		{F61914A5-D60E-3185-5265-396E656301EB}.Debug|Any CPU.ActiveCfg = Debug|Any CPU
		{F61914A5-D60E-3185-5265-396E656301EB}.Debug|Any CPU.Build.0 = Debug|Any CPU
		{F61914A5-D60E-3185-5265-396E656301EB}.Release|Any CPU.ActiveCfg = Release|Any CPU
		{F61914A5-D60E-3185-5265-396E656301EB}.Release|Any CPU.Build.0 = Release|Any CPU
		{49ED4188-07E4-D444-252E-5842141F33A6}.Debug|Any CPU.ActiveCfg = Debug|Any CPU
		{49ED4188-07E4-D444-252E-5842141F33A6}.Debug|Any CPU.Build.0 = Debug|Any CPU
		{49ED4188-07E4-D444-252E-5842141F33A6}.Release|Any CPU.ActiveCfg = Release|Any CPU
		{49ED4188-07E4-D444-252E-5842141F33A6}.Release|Any CPU.Build.0 = Release|Any CPU
		{B2C92D8F-F096-76EF-CA54-CE92E4A8CDEF}.Debug|Any CPU.ActiveCfg = Debug|Any CPU
		{B2C92D8F-F096-76EF-CA54-CE92E4A8CDEF}.Debug|Any CPU.Build.0 = Debug|Any CPU
		{B2C92D8F-F096-76EF-CA54-CE92E4A8CDEF}.Release|Any CPU.ActiveCfg = Release|Any CPU
		{B2C92D8F-F096-76EF-CA54-CE92E4A8CDEF}.Release|Any CPU.Build.0 = Release|Any CPU
		{8B55A4CA-F258-E3A0-F4C1-6B271DC114DF}.Debug|Any CPU.ActiveCfg = Debug|Any CPU
		{8B55A4CA-F258-E3A0-F4C1-6B271DC114DF}.Debug|Any CPU.Build.0 = Debug|Any CPU
		{8B55A4CA-F258-E3A0-F4C1-6B271DC114DF}.Release|Any CPU.ActiveCfg = Release|Any CPU
		{8B55A4CA-F258-E3A0-F4C1-6B271DC114DF}.Release|Any CPU.Build.0 = Release|Any CPU
		{6A4879EF-6233-CDE0-FD3E-996F4167182F}.Debug|Any CPU.ActiveCfg = Debug|Any CPU
		{6A4879EF-6233-CDE0-FD3E-996F4167182F}.Debug|Any CPU.Build.0 = Debug|Any CPU
		{6A4879EF-6233-CDE0-FD3E-996F4167182F}.Release|Any CPU.ActiveCfg = Release|Any CPU
		{6A4879EF-6233-CDE0-FD3E-996F4167182F}.Release|Any CPU.Build.0 = Release|Any CPU
	EndGlobalSection
	GlobalSection(SolutionProperties) = preSolution
		HideSolutionNode = FALSE
	EndGlobalSection
EndGlobal
